
Microsoft Visual Studio Solution File, Format Version 12.00
# Visual Studio Version 17
VisualStudioVersion = 17.4.33213.308
MinimumVisualStudioVersion = 10.0.40219.1
Project("{2150E333-8FDC-42A3-9474-1A3956D46DE8}") = "src", "src", "{E707BB19-D417-431B-BF08-2CECD7DEAE5F}"
EndProject
Project("{2150E333-8FDC-42A3-9474-1A3956D46DE8}") = "Presentation", "Presentation", "{AE4D84D3-2D36-467F-97F5-AE8580E16880}"
EndProject
Project("{2150E333-8FDC-42A3-9474-1A3956D46DE8}") = "Core", "Core", "{7560C66C-AFDA-4F63-B75E-CD39F8900F06}"
EndProject
Project("{2150E333-8FDC-42A3-9474-1A3956D46DE8}") = "Core.Application", "Core.Application", "{325E765E-4223-4EF3-967F-D4A07A75004A}"
EndProject
Project("{2150E333-8FDC-42A3-9474-1A3956D46DE8}") = "Core.domain", "Core.domain", "{41DB8777-C5D7-4C17-B1DE-1891919C7642}"
EndProject
Project("{2150E333-8FDC-42A3-9474-1A3956D46DE8}") = "Presentation.Shared", "Presentation.Shared", "{B128398F-7474-483F-AFD2-8A61D20BF846}"
EndProject
Project("{2150E333-8FDC-42A3-9474-1A3956D46DE8}") = "Presentation.Client", "Presentation.Client", "{E8768787-F331-4E0C-99C0-4F3227155694}"
EndProject
Project("{2150E333-8FDC-42A3-9474-1A3956D46DE8}") = "Presentation.Api", "Presentation.Api", "{6D5D4A85-5CEE-424C-A5E9-87D0C3ABDF70}"
EndProject
Project("{9A19103F-16F7-4668-BE54-9A1E7A4F7556}") = "Presentation.Server", "src\Presentation\Presentation.Api\Presentation.Server.csproj", "{F7F5C95C-9604-4B79-BA9B-BD7A76422B99}"
EndProject
Project("{9A19103F-16F7-4668-BE54-9A1E7A4F7556}") = "Presentation.Client", "src\Presentation\Presentation.Client\Presentation.Client.csproj", "{47164B94-1F5C-4155-9A42-A9C6E7ED57BF}"
EndProject
Project("{9A19103F-16F7-4668-BE54-9A1E7A4F7556}") = "Presentation.Shared", "src\Presentation\Presentation.Shared\Presentation.Shared.csproj", "{918CD48E-6176-431D-9825-4EE9FC0270AF}"
EndProject
Project("{2150E333-8FDC-42A3-9474-1A3956D46DE8}") = "tests", "tests", "{9C3C1BB2-173D-43BD-85CE-66215B868124}"
EndProject
Project("{2150E333-8FDC-42A3-9474-1A3956D46DE8}") = "AcceptanceTests", "AcceptanceTests", "{B5CFC985-4F9C-4302-848E-CC7F61A5B8B2}"
EndProject
Project("{9A19103F-16F7-4668-BE54-9A1E7A4F7556}") = "Mc2.CrudTest.AcceptanceTests", "tests\AcceptanceTests\Mc2.CrudTest.AcceptanceTests.csproj", "{34E99A6F-4B3F-4107-9196-0ED89019431F}"
EndProject
Project("{9A19103F-16F7-4668-BE54-9A1E7A4F7556}") = "Core.Application", "src\Core\Core.Application\Core.Application.csproj", "{99F3BA69-7CA8-4A5C-9DF6-FF7F4B5A7AF2}"
EndProject
Project("{9A19103F-16F7-4668-BE54-9A1E7A4F7556}") = "Core.Domain", "src\Core\Core.domain\Core.Domain.csproj", "{B649258B-6D63-4D13-AF8F-60EC42F61718}"
EndProject
Project("{2150E333-8FDC-42A3-9474-1A3956D46DE8}") = "Infrastructure", "Infrastructure", "{1E010907-5CA2-44A6-B1ED-3CE123895197}"
EndProject
Project("{9A19103F-16F7-4668-BE54-9A1E7A4F7556}") = "Infrastructure.Persistence", "src\Infrastructure\Infrastructure.Persistence\Infrastructure.Persistence.csproj", "{28AC7077-9E1F-40FB-AAC1-A4E70AD9ED45}"
EndProject
Project("{9A19103F-16F7-4668-BE54-9A1E7A4F7556}") = "UnitTests", "tests\UnitTests\UnitTests.csproj", "{7BC3CC3D-1F6C-4BFF-B997-0E889CFA94EE}"
EndProject
Project("{2150E333-8FDC-42A3-9474-1A3956D46DE8}") = "Unit Tests", "Unit Tests", "{F3530FB0-F4D7-4B4A-97B9-9C38AA1DFCED}"
EndProject
Global
	GlobalSection(SolutionConfigurationPlatforms) = preSolution
		Debug|Any CPU = Debug|Any CPU
		Release|Any CPU = Release|Any CPU
	EndGlobalSection
	GlobalSection(ProjectConfigurationPlatforms) = postSolution
		{F7F5C95C-9604-4B79-BA9B-BD7A76422B99}.Debug|Any CPU.ActiveCfg = Debug|Any CPU
		{F7F5C95C-9604-4B79-BA9B-BD7A76422B99}.Debug|Any CPU.Build.0 = Debug|Any CPU
		{F7F5C95C-9604-4B79-BA9B-BD7A76422B99}.Release|Any CPU.ActiveCfg = Release|Any CPU
		{F7F5C95C-9604-4B79-BA9B-BD7A76422B99}.Release|Any CPU.Build.0 = Release|Any CPU
		{47164B94-1F5C-4155-9A42-A9C6E7ED57BF}.Debug|Any CPU.ActiveCfg = Debug|Any CPU
		{47164B94-1F5C-4155-9A42-A9C6E7ED57BF}.Debug|Any CPU.Build.0 = Debug|Any CPU
		{47164B94-1F5C-4155-9A42-A9C6E7ED57BF}.Release|Any CPU.ActiveCfg = Release|Any CPU
		{47164B94-1F5C-4155-9A42-A9C6E7ED57BF}.Release|Any CPU.Build.0 = Release|Any CPU
		{918CD48E-6176-431D-9825-4EE9FC0270AF}.Debug|Any CPU.ActiveCfg = Debug|Any CPU
		{918CD48E-6176-431D-9825-4EE9FC0270AF}.Debug|Any CPU.Build.0 = Debug|Any CPU
		{918CD48E-6176-431D-9825-4EE9FC0270AF}.Release|Any CPU.ActiveCfg = Release|Any CPU
		{918CD48E-6176-431D-9825-4EE9FC0270AF}.Release|Any CPU.Build.0 = Release|Any CPU
		{34E99A6F-4B3F-4107-9196-0ED89019431F}.Debug|Any CPU.ActiveCfg = Debug|Any CPU
		{34E99A6F-4B3F-4107-9196-0ED89019431F}.Debug|Any CPU.Build.0 = Debug|Any CPU
		{34E99A6F-4B3F-4107-9196-0ED89019431F}.Release|Any CPU.ActiveCfg = Release|Any CPU
		{34E99A6F-4B3F-4107-9196-0ED89019431F}.Release|Any CPU.Build.0 = Release|Any CPU
		{99F3BA69-7CA8-4A5C-9DF6-FF7F4B5A7AF2}.Debug|Any CPU.ActiveCfg = Debug|Any CPU
		{99F3BA69-7CA8-4A5C-9DF6-FF7F4B5A7AF2}.Debug|Any CPU.Build.0 = Debug|Any CPU
		{99F3BA69-7CA8-4A5C-9DF6-FF7F4B5A7AF2}.Release|Any CPU.ActiveCfg = Release|Any CPU
		{99F3BA69-7CA8-4A5C-9DF6-FF7F4B5A7AF2}.Release|Any CPU.Build.0 = Release|Any CPU
		{B649258B-6D63-4D13-AF8F-60EC42F61718}.Debug|Any CPU.ActiveCfg = Debug|Any CPU
		{B649258B-6D63-4D13-AF8F-60EC42F61718}.Debug|Any CPU.Build.0 = Debug|Any CPU
		{B649258B-6D63-4D13-AF8F-60EC42F61718}.Release|Any CPU.ActiveCfg = Release|Any CPU
		{B649258B-6D63-4D13-AF8F-60EC42F61718}.Release|Any CPU.Build.0 = Release|Any CPU
		{28AC7077-9E1F-40FB-AAC1-A4E70AD9ED45}.Debug|Any CPU.ActiveCfg = Debug|Any CPU
		{28AC7077-9E1F-40FB-AAC1-A4E70AD9ED45}.Debug|Any CPU.Build.0 = Debug|Any CPU
		{28AC7077-9E1F-40FB-AAC1-A4E70AD9ED45}.Release|Any CPU.ActiveCfg = Release|Any CPU
		{28AC7077-9E1F-40FB-AAC1-A4E70AD9ED45}.Release|Any CPU.Build.0 = Release|Any CPU
		{7BC3CC3D-1F6C-4BFF-B997-0E889CFA94EE}.Debug|Any CPU.ActiveCfg = Debug|Any CPU
		{7BC3CC3D-1F6C-4BFF-B997-0E889CFA94EE}.Debug|Any CPU.Build.0 = Debug|Any CPU
		{7BC3CC3D-1F6C-4BFF-B997-0E889CFA94EE}.Release|Any CPU.ActiveCfg = Release|Any CPU
		{7BC3CC3D-1F6C-4BFF-B997-0E889CFA94EE}.Release|Any CPU.Build.0 = Release|Any CPU
	EndGlobalSection
	GlobalSection(SolutionProperties) = preSolution
		HideSolutionNode = FALSE
	EndGlobalSection
	GlobalSection(NestedProjects) = preSolution
		{AE4D84D3-2D36-467F-97F5-AE8580E16880} = {E707BB19-D417-431B-BF08-2CECD7DEAE5F}
		{7560C66C-AFDA-4F63-B75E-CD39F8900F06} = {E707BB19-D417-431B-BF08-2CECD7DEAE5F}
		{325E765E-4223-4EF3-967F-D4A07A75004A} = {7560C66C-AFDA-4F63-B75E-CD39F8900F06}
		{41DB8777-C5D7-4C17-B1DE-1891919C7642} = {7560C66C-AFDA-4F63-B75E-CD39F8900F06}
		{B128398F-7474-483F-AFD2-8A61D20BF846} = {AE4D84D3-2D36-467F-97F5-AE8580E16880}
		{E8768787-F331-4E0C-99C0-4F3227155694} = {AE4D84D3-2D36-467F-97F5-AE8580E16880}
		{6D5D4A85-5CEE-424C-A5E9-87D0C3ABDF70} = {AE4D84D3-2D36-467F-97F5-AE8580E16880}
		{F7F5C95C-9604-4B79-BA9B-BD7A76422B99} = {6D5D4A85-5CEE-424C-A5E9-87D0C3ABDF70}
		{47164B94-1F5C-4155-9A42-A9C6E7ED57BF} = {E8768787-F331-4E0C-99C0-4F3227155694}
		{918CD48E-6176-431D-9825-4EE9FC0270AF} = {B128398F-7474-483F-AFD2-8A61D20BF846}
		{B5CFC985-4F9C-4302-848E-CC7F61A5B8B2} = {9C3C1BB2-173D-43BD-85CE-66215B868124}
		{34E99A6F-4B3F-4107-9196-0ED89019431F} = {B5CFC985-4F9C-4302-848E-CC7F61A5B8B2}
		{99F3BA69-7CA8-4A5C-9DF6-FF7F4B5A7AF2} = {325E765E-4223-4EF3-967F-D4A07A75004A}
		{B649258B-6D63-4D13-AF8F-60EC42F61718} = {41DB8777-C5D7-4C17-B1DE-1891919C7642}
		{1E010907-5CA2-44A6-B1ED-3CE123895197} = {E707BB19-D417-431B-BF08-2CECD7DEAE5F}
		{28AC7077-9E1F-40FB-AAC1-A4E70AD9ED45} = {1E010907-5CA2-44A6-B1ED-3CE123895197}
		{7BC3CC3D-1F6C-4BFF-B997-0E889CFA94EE} = {F3530FB0-F4D7-4B4A-97B9-9C38AA1DFCED}
		{F3530FB0-F4D7-4B4A-97B9-9C38AA1DFCED} = {9C3C1BB2-173D-43BD-85CE-66215B868124}
	EndGlobalSection
	GlobalSection(ExtensibilityGlobals) = postSolution
		SolutionGuid = {4B5A26C9-68C1-49D9-9F32-AF907A1730C2}
	EndGlobalSection
EndGlobal
